
Microsoft Visual Studio Solution File, Format Version 12.00
# Visual Studio Version 16
VisualStudioVersion = 16.0.31624.102
MinimumVisualStudioVersion = 10.0.40219.1
Project("{FAE04EC0-301F-11D3-BF4B-00C04F79EFBC}") = "ZgzAirline.Core", "ZgzAirline.Core\ZgzAirline.Core.csproj", "{F16EA898-1AB2-41C2-B0C6-BCC623D7C553}"
EndProject
Project("{FAE04EC0-301F-11D3-BF4B-00C04F79EFBC}") = "ZgzAirline.ServiceLibrary", "ZgzAirline.ServiceLibrary\ZgzAirline.ServiceLibrary.csproj", "{ECF899F3-D1BD-4BB3-8E00-EC564E0642C0}"
EndProject
Project("{FAE04EC0-301F-11D3-BF4B-00C04F79EFBC}") = "ZgzAirline.Infra", "ZgzAirline.Infra\ZgzAirline.Infra.csproj", "{0AF02ED0-2F6D-4AC2-A9DE-FE4340FBEC47}"
EndProject
Project("{FAE04EC0-301F-11D3-BF4B-00C04F79EFBC}") = "ZgzAirline.WebAPI", "ZgzAirline.WebAPI\ZgzAirline.WebAPI.csproj", "{E7E7C759-A12F-46C9-BA70-7AA78A563A17}"
EndProject
Global
	GlobalSection(SolutionConfigurationPlatforms) = preSolution
		Debug|Any CPU = Debug|Any CPU
		Release|Any CPU = Release|Any CPU
	EndGlobalSection
	GlobalSection(ProjectConfigurationPlatforms) = postSolution
		{F16EA898-1AB2-41C2-B0C6-BCC623D7C553}.Debug|Any CPU.ActiveCfg = Debug|Any CPU
		{F16EA898-1AB2-41C2-B0C6-BCC623D7C553}.Debug|Any CPU.Build.0 = Debug|Any CPU
		{F16EA898-1AB2-41C2-B0C6-BCC623D7C553}.Release|Any CPU.ActiveCfg = Release|Any CPU
		{F16EA898-1AB2-41C2-B0C6-BCC623D7C553}.Release|Any CPU.Build.0 = Release|Any CPU
		{ECF899F3-D1BD-4BB3-8E00-EC564E0642C0}.Debug|Any CPU.ActiveCfg = Debug|Any CPU
		{ECF899F3-D1BD-4BB3-8E00-EC564E0642C0}.Debug|Any CPU.Build.0 = Debug|Any CPU
		{ECF899F3-D1BD-4BB3-8E00-EC564E0642C0}.Release|Any CPU.ActiveCfg = Release|Any CPU
		{ECF899F3-D1BD-4BB3-8E00-EC564E0642C0}.Release|Any CPU.Build.0 = Release|Any CPU
		{0AF02ED0-2F6D-4AC2-A9DE-FE4340FBEC47}.Debug|Any CPU.ActiveCfg = Debug|Any CPU
		{0AF02ED0-2F6D-4AC2-A9DE-FE4340FBEC47}.Debug|Any CPU.Build.0 = Debug|Any CPU
		{0AF02ED0-2F6D-4AC2-A9DE-FE4340FBEC47}.Release|Any CPU.ActiveCfg = Release|Any CPU
		{0AF02ED0-2F6D-4AC2-A9DE-FE4340FBEC47}.Release|Any CPU.Build.0 = Release|Any CPU
		{E7E7C759-A12F-46C9-BA70-7AA78A563A17}.Debug|Any CPU.ActiveCfg = Debug|Any CPU
		{E7E7C759-A12F-46C9-BA70-7AA78A563A17}.Debug|Any CPU.Build.0 = Debug|Any CPU
		{E7E7C759-A12F-46C9-BA70-7AA78A563A17}.Release|Any CPU.ActiveCfg = Release|Any CPU
		{E7E7C759-A12F-46C9-BA70-7AA78A563A17}.Release|Any CPU.Build.0 = Release|Any CPU
	EndGlobalSection
	GlobalSection(SolutionProperties) = preSolution
		HideSolutionNode = FALSE
	EndGlobalSection
	GlobalSection(ExtensibilityGlobals) = postSolution
		SolutionGuid = {01B9E25B-7900-4E2B-96D3-DCC1436452B5}
	EndGlobalSection
EndGlobal
